
Microsoft Visual Studio Solution File, Format Version 12.00
# Visual Studio Version 16
VisualStudioVersion = 16.0.31424.327
MinimumVisualStudioVersion = 10.0.40219.1
Project("{9A19103F-16F7-4668-BE54-9A1E7A4F7556}") = "SkolOvningar", "ÖvningLoopar\SkolOvningar.csproj", "{D102ED30-2DCF-4D4F-805A-316169CFF5D2}"
EndProject
Global
	GlobalSection(SolutionConfigurationPlatforms) = preSolution
		Debug|Any CPU = Debug|Any CPU
		Release|Any CPU = Release|Any CPU
	EndGlobalSection
	GlobalSection(ProjectConfigurationPlatforms) = postSolution
		{D102ED30-2DCF-4D4F-805A-316169CFF5D2}.Debug|Any CPU.ActiveCfg = Debug|Any CPU
		{D102ED30-2DCF-4D4F-805A-316169CFF5D2}.Debug|Any CPU.Build.0 = Debug|Any CPU
		{D102ED30-2DCF-4D4F-805A-316169CFF5D2}.Release|Any CPU.ActiveCfg = Release|Any CPU
		{D102ED30-2DCF-4D4F-805A-316169CFF5D2}.Release|Any CPU.Build.0 = Release|Any CPU
	EndGlobalSection
	GlobalSection(SolutionProperties) = preSolution
		HideSolutionNode = FALSE
	EndGlobalSection
	GlobalSection(ExtensibilityGlobals) = postSolution
		SolutionGuid = {28315342-BDB7-44AD-9FA7-49948826B18F}
	EndGlobalSection
EndGlobal
