
Microsoft Visual Studio Solution File, Format Version 12.00
# Visual Studio Version 16
VisualStudioVersion = 16.0.31605.320
MinimumVisualStudioVersion = 10.0.40219.1
Project("{FAE04EC0-301F-11D3-BF4B-00C04F79EFBC}") = "ÖvningsUppgifter OOP - A", "ÖvningsUppgifter OOP - A\ÖvningsUppgifter OOP - A.csproj", "{C355137B-7437-41E5-A840-9A605A789298}"
EndProject
Global
	GlobalSection(SolutionConfigurationPlatforms) = preSolution
		Debug|Any CPU = Debug|Any CPU
		Release|Any CPU = Release|Any CPU
	EndGlobalSection
	GlobalSection(ProjectConfigurationPlatforms) = postSolution
		{C355137B-7437-41E5-A840-9A605A789298}.Debug|Any CPU.ActiveCfg = Debug|Any CPU
		{C355137B-7437-41E5-A840-9A605A789298}.Debug|Any CPU.Build.0 = Debug|Any CPU
		{C355137B-7437-41E5-A840-9A605A789298}.Release|Any CPU.ActiveCfg = Release|Any CPU
		{C355137B-7437-41E5-A840-9A605A789298}.Release|Any CPU.Build.0 = Release|Any CPU
	EndGlobalSection
	GlobalSection(SolutionProperties) = preSolution
		HideSolutionNode = FALSE
	EndGlobalSection
	GlobalSection(ExtensibilityGlobals) = postSolution
		SolutionGuid = {9E1BB223-CF50-4CA3-B6A0-1EF7D6C82ACB}
	EndGlobalSection
EndGlobal
